// !$*UTF8*$!
{
	archiveVersion = 1;
	classes = {
	};
	objectVersion = 46;
	objects = {

/* Begin PBXBuildFile section */
		0411BDF61AFB3723001B8080 /* AuditorPageViewController.swift in Sources */ = {isa = PBXBuildFile; fileRef = 0411BDF51AFB3723001B8080 /* AuditorPageViewController.swift */; };
		0445A90D1AEC7CE500D9D773 /* TableViewCell.swift in Sources */ = {isa = PBXBuildFile; fileRef = 0445A90C1AEC7CE500D9D773 /* TableViewCell.swift */; };
		0445A9111AEDAFE500D9D773 /* AuditorListViewController.swift in Sources */ = {isa = PBXBuildFile; fileRef = 0445A9101AEDAFE500D9D773 /* AuditorListViewController.swift */; };
		0445A9131AEDB23B00D9D773 /* AuditorListViewCell.swift in Sources */ = {isa = PBXBuildFile; fileRef = 0445A9121AEDB23B00D9D773 /* AuditorListViewCell.swift */; };
		0445A9151AEDD0F400D9D773 /* AuditorModel.swift in Sources */ = {isa = PBXBuildFile; fileRef = 0445A9141AEDD0F300D9D773 /* AuditorModel.swift */; };
		047E293E1B0EB0F30066D9C2 /* WordTableViewCell.swift in Sources */ = {isa = PBXBuildFile; fileRef = 047E293D1B0EB0F30066D9C2 /* WordTableViewCell.swift */; };
		049C9B121B06E24F00D4035F /* PictureHandler.swift in Sources */ = {isa = PBXBuildFile; fileRef = 049C9B111B06E24F00D4035F /* PictureHandler.swift */; };
		049EA9701B224FEA00BFF953 /* AnthologyListViewController.swift in Sources */ = {isa = PBXBuildFile; fileRef = 049EA96F1B224FEA00BFF953 /* AnthologyListViewController.swift */; };
		049EA9721B22562200BFF953 /* AnthologyListTableViewCell.swift in Sources */ = {isa = PBXBuildFile; fileRef = 049EA9711B22562200BFF953 /* AnthologyListTableViewCell.swift */; };
		049EA9741B225A8B00BFF953 /* AnthologyViewController.swift in Sources */ = {isa = PBXBuildFile; fileRef = 049EA9731B225A8B00BFF953 /* AnthologyViewController.swift */; };
		04A4FA171B24BD9000CE4E4A /* MessageUI.framework in Frameworks */ = {isa = PBXBuildFile; fileRef = 04A4FA161B24BD9000CE4E4A /* MessageUI.framework */; };
		04A97D0F1B0ACB6400BC0101 /* LegalViewController.swift in Sources */ = {isa = PBXBuildFile; fileRef = 04A97D0E1B0ACB6400BC0101 /* LegalViewController.swift */; };
		04A97D111B0AFE6F00BC0101 /* GlossaryStartViewController.swift in Sources */ = {isa = PBXBuildFile; fileRef = 04A97D101B0AFE6F00BC0101 /* GlossaryStartViewController.swift */; };
		04C0B5F41B12274700EB6FA8 /* BiographiesViewController.swift in Sources */ = {isa = PBXBuildFile; fileRef = 04C0B5F31B12274700EB6FA8 /* BiographiesViewController.swift */; };
		04C0B5F61B13E2D800EB6FA8 /* ProfileTableViewCell.swift in Sources */ = {isa = PBXBuildFile; fileRef = 04C0B5F51B13E2D800EB6FA8 /* ProfileTableViewCell.swift */; };
		04C0B5F81B18164D00EB6FA8 /* BiographyViewController.swift in Sources */ = {isa = PBXBuildFile; fileRef = 04C0B5F71B18164D00EB6FA8 /* BiographyViewController.swift */; };
		04E12A671B08714B00D2231C /* AboutViewController.swift in Sources */ = {isa = PBXBuildFile; fileRef = 04E12A661B08714B00D2231C /* AboutViewController.swift */; };
		04E393F81AE9A89D00E4F342 /* AppDelegate.swift in Sources */ = {isa = PBXBuildFile; fileRef = 04E393F71AE9A89D00E4F342 /* AppDelegate.swift */; };
		04E393FB1AE9A89D00E4F342 /* Scientolipedia.xcdatamodeld in Sources */ = {isa = PBXBuildFile; fileRef = 04E393F91AE9A89D00E4F342 /* Scientolipedia.xcdatamodeld */; };
		04E393FD1AE9A89D00E4F342 /* ViewController.swift in Sources */ = {isa = PBXBuildFile; fileRef = 04E393FC1AE9A89D00E4F342 /* ViewController.swift */; };
		04E394001AE9A89D00E4F342 /* Main.storyboard in Resources */ = {isa = PBXBuildFile; fileRef = 04E393FE1AE9A89D00E4F342 /* Main.storyboard */; };
		04E394021AE9A89D00E4F342 /* Images.xcassets in Resources */ = {isa = PBXBuildFile; fileRef = 04E394011AE9A89D00E4F342 /* Images.xcassets */; };
		04E394051AE9A89D00E4F342 /* LaunchScreen.xib in Resources */ = {isa = PBXBuildFile; fileRef = 04E394031AE9A89D00E4F342 /* LaunchScreen.xib */; };
		04E394111AE9A89D00E4F342 /* ScientolipediaTests.swift in Sources */ = {isa = PBXBuildFile; fileRef = 04E394101AE9A89D00E4F342 /* ScientolipediaTests.swift */; };
/* End PBXBuildFile section */

/* Begin PBXContainerItemProxy section */
		04E3940B1AE9A89D00E4F342 /* PBXContainerItemProxy */ = {
			isa = PBXContainerItemProxy;
			containerPortal = 04E393EA1AE9A89D00E4F342 /* Project object */;
			proxyType = 1;
			remoteGlobalIDString = 04E393F11AE9A89D00E4F342;
			remoteInfo = Scientolipedia;
		};
/* End PBXContainerItemProxy section */

/* Begin PBXFileReference section */
		0411BDF51AFB3723001B8080 /* AuditorPageViewController.swift */ = {isa = PBXFileReference; fileEncoding = 4; lastKnownFileType = sourcecode.swift; path = AuditorPageViewController.swift; sourceTree = "<group>"; };
		0445A90C1AEC7CE500D9D773 /* TableViewCell.swift */ = {isa = PBXFileReference; fileEncoding = 4; lastKnownFileType = sourcecode.swift; path = TableViewCell.swift; sourceTree = "<group>"; };
		0445A9101AEDAFE500D9D773 /* AuditorListViewController.swift */ = {isa = PBXFileReference; fileEncoding = 4; lastKnownFileType = sourcecode.swift; path = AuditorListViewController.swift; sourceTree = "<group>"; };
		0445A9121AEDB23B00D9D773 /* AuditorListViewCell.swift */ = {isa = PBXFileReference; fileEncoding = 4; lastKnownFileType = sourcecode.swift; path = AuditorListViewCell.swift; sourceTree = "<group>"; };
		0445A9141AEDD0F300D9D773 /* AuditorModel.swift */ = {isa = PBXFileReference; fileEncoding = 4; lastKnownFileType = sourcecode.swift; path = AuditorModel.swift; sourceTree = "<group>"; };
		047E293D1B0EB0F30066D9C2 /* WordTableViewCell.swift */ = {isa = PBXFileReference; fileEncoding = 4; lastKnownFileType = sourcecode.swift; path = WordTableViewCell.swift; sourceTree = "<group>"; };
		049C9B111B06E24F00D4035F /* PictureHandler.swift */ = {isa = PBXFileReference; fileEncoding = 4; lastKnownFileType = sourcecode.swift; path = PictureHandler.swift; sourceTree = "<group>"; };
		049EA96F1B224FEA00BFF953 /* AnthologyListViewController.swift */ = {isa = PBXFileReference; fileEncoding = 4; lastKnownFileType = sourcecode.swift; path = AnthologyListViewController.swift; sourceTree = "<group>"; };
		049EA9711B22562200BFF953 /* AnthologyListTableViewCell.swift */ = {isa = PBXFileReference; fileEncoding = 4; lastKnownFileType = sourcecode.swift; path = AnthologyListTableViewCell.swift; sourceTree = "<group>"; };
		049EA9731B225A8B00BFF953 /* AnthologyViewController.swift */ = {isa = PBXFileReference; fileEncoding = 4; lastKnownFileType = sourcecode.swift; path = AnthologyViewController.swift; sourceTree = "<group>"; };
		04A4FA161B24BD9000CE4E4A /* MessageUI.framework */ = {isa = PBXFileReference; lastKnownFileType = wrapper.framework; name = MessageUI.framework; path = System/Library/Frameworks/MessageUI.framework; sourceTree = SDKROOT; };
		04A97D0E1B0ACB6400BC0101 /* LegalViewController.swift */ = {isa = PBXFileReference; fileEncoding = 4; lastKnownFileType = sourcecode.swift; path = LegalViewController.swift; sourceTree = "<group>"; };
		04A97D101B0AFE6F00BC0101 /* GlossaryStartViewController.swift */ = {isa = PBXFileReference; fileEncoding = 4; lastKnownFileType = sourcecode.swift; path = GlossaryStartViewController.swift; sourceTree = "<group>"; };
		04C0B5F31B12274700EB6FA8 /* BiographiesViewController.swift */ = {isa = PBXFileReference; fileEncoding = 4; lastKnownFileType = sourcecode.swift; path = BiographiesViewController.swift; sourceTree = "<group>"; };
		04C0B5F51B13E2D800EB6FA8 /* ProfileTableViewCell.swift */ = {isa = PBXFileReference; fileEncoding = 4; lastKnownFileType = sourcecode.swift; path = ProfileTableViewCell.swift; sourceTree = "<group>"; };
		04C0B5F71B18164D00EB6FA8 /* BiographyViewController.swift */ = {isa = PBXFileReference; fileEncoding = 4; lastKnownFileType = sourcecode.swift; path = BiographyViewController.swift; sourceTree = "<group>"; };
		04E12A661B08714B00D2231C /* AboutViewController.swift */ = {isa = PBXFileReference; fileEncoding = 4; lastKnownFileType = sourcecode.swift; path = AboutViewController.swift; sourceTree = "<group>"; };
		04E393F21AE9A89D00E4F342 /* Scientolipedia.app */ = {isa = PBXFileReference; explicitFileType = wrapper.application; includeInIndex = 0; path = Scientolipedia.app; sourceTree = BUILT_PRODUCTS_DIR; };
		04E393F61AE9A89D00E4F342 /* Info.plist */ = {isa = PBXFileReference; lastKnownFileType = text.plist.xml; path = Info.plist; sourceTree = "<group>"; };
		04E393F71AE9A89D00E4F342 /* AppDelegate.swift */ = {isa = PBXFileReference; lastKnownFileType = sourcecode.swift; path = AppDelegate.swift; sourceTree = "<group>"; };
		04E393FA1AE9A89D00E4F342 /* Scientolipedia.xcdatamodel */ = {isa = PBXFileReference; lastKnownFileType = wrapper.xcdatamodel; path = Scientolipedia.xcdatamodel; sourceTree = "<group>"; };
		04E393FC1AE9A89D00E4F342 /* ViewController.swift */ = {isa = PBXFileReference; lastKnownFileType = sourcecode.swift; path = ViewController.swift; sourceTree = "<group>"; };
		04E393FF1AE9A89D00E4F342 /* Base */ = {isa = PBXFileReference; lastKnownFileType = file.storyboard; name = Base; path = Base.lproj/Main.storyboard; sourceTree = "<group>"; };
		04E394011AE9A89D00E4F342 /* Images.xcassets */ = {isa = PBXFileReference; lastKnownFileType = folder.assetcatalog; path = Images.xcassets; sourceTree = "<group>"; };
		04E394041AE9A89D00E4F342 /* Base */ = {isa = PBXFileReference; lastKnownFileType = file.xib; name = Base; path = Base.lproj/LaunchScreen.xib; sourceTree = "<group>"; };
		04E3940A1AE9A89D00E4F342 /* ScientolipediaTests.xctest */ = {isa = PBXFileReference; explicitFileType = wrapper.cfbundle; includeInIndex = 0; path = ScientolipediaTests.xctest; sourceTree = BUILT_PRODUCTS_DIR; };
		04E3940F1AE9A89D00E4F342 /* Info.plist */ = {isa = PBXFileReference; lastKnownFileType = text.plist.xml; path = Info.plist; sourceTree = "<group>"; };
		04E394101AE9A89D00E4F342 /* ScientolipediaTests.swift */ = {isa = PBXFileReference; lastKnownFileType = sourcecode.swift; path = ScientolipediaTests.swift; sourceTree = "<group>"; };
/* End PBXFileReference section */

/* Begin PBXFrameworksBuildPhase section */
		04E393EF1AE9A89D00E4F342 /* Frameworks */ = {
			isa = PBXFrameworksBuildPhase;
			buildActionMask = 2147483647;
			files = (
				04A4FA171B24BD9000CE4E4A /* MessageUI.framework in Frameworks */,
			);
			runOnlyForDeploymentPostprocessing = 0;
		};
		04E394071AE9A89D00E4F342 /* Frameworks */ = {
			isa = PBXFrameworksBuildPhase;
			buildActionMask = 2147483647;
			files = (
			);
			runOnlyForDeploymentPostprocessing = 0;
		};
/* End PBXFrameworksBuildPhase section */

/* Begin PBXGroup section */
		04E393E91AE9A89D00E4F342 = {
			isa = PBXGroup;
			children = (
				04A4FA161B24BD9000CE4E4A /* MessageUI.framework */,
				04E393F41AE9A89D00E4F342 /* Scientolipedia */,
				04E3940D1AE9A89D00E4F342 /* ScientolipediaTests */,
				04E393F31AE9A89D00E4F342 /* Products */,
			);
			sourceTree = "<group>";
		};
		04E393F31AE9A89D00E4F342 /* Products */ = {
			isa = PBXGroup;
			children = (
				04E393F21AE9A89D00E4F342 /* Scientolipedia.app */,
				04E3940A1AE9A89D00E4F342 /* ScientolipediaTests.xctest */,
			);
			name = Products;
			sourceTree = "<group>";
		};
		04E393F41AE9A89D00E4F342 /* Scientolipedia */ = {
			isa = PBXGroup;
			children = (
				04E393F71AE9A89D00E4F342 /* AppDelegate.swift */,
				04E393FC1AE9A89D00E4F342 /* ViewController.swift */,
				0445A9101AEDAFE500D9D773 /* AuditorListViewController.swift */,
				0411BDF51AFB3723001B8080 /* AuditorPageViewController.swift */,
				04E12A661B08714B00D2231C /* AboutViewController.swift */,
				04A97D0E1B0ACB6400BC0101 /* LegalViewController.swift */,
				04A97D101B0AFE6F00BC0101 /* GlossaryStartViewController.swift */,
				04C0B5F31B12274700EB6FA8 /* BiographiesViewController.swift */,
				04C0B5F71B18164D00EB6FA8 /* BiographyViewController.swift */,
				049EA96F1B224FEA00BFF953 /* AnthologyListViewController.swift */,
				049EA9731B225A8B00BFF953 /* AnthologyViewController.swift */,
				049C9B111B06E24F00D4035F /* PictureHandler.swift */,
				0445A9141AEDD0F300D9D773 /* AuditorModel.swift */,
				04E393FE1AE9A89D00E4F342 /* Main.storyboard */,
				04E394011AE9A89D00E4F342 /* Images.xcassets */,
				04E394031AE9A89D00E4F342 /* LaunchScreen.xib */,
				04E393F91AE9A89D00E4F342 /* Scientolipedia.xcdatamodeld */,
				04E393F51AE9A89D00E4F342 /* Supporting Files */,
				0445A90C1AEC7CE500D9D773 /* TableViewCell.swift */,
				047E293D1B0EB0F30066D9C2 /* WordTableViewCell.swift */,
				0445A9121AEDB23B00D9D773 /* AuditorListViewCell.swift */,
				04C0B5F51B13E2D800EB6FA8 /* ProfileTableViewCell.swift */,
				049EA9711B22562200BFF953 /* AnthologyListTableViewCell.swift */,
			);
			path = Scientolipedia;
			sourceTree = "<group>";
		};
		04E393F51AE9A89D00E4F342 /* Supporting Files */ = {
			isa = PBXGroup;
			children = (
				04E393F61AE9A89D00E4F342 /* Info.plist */,
			);
			name = "Supporting Files";
			sourceTree = "<group>";
		};
		04E3940D1AE9A89D00E4F342 /* ScientolipediaTests */ = {
			isa = PBXGroup;
			children = (
				04E394101AE9A89D00E4F342 /* ScientolipediaTests.swift */,
				04E3940E1AE9A89D00E4F342 /* Supporting Files */,
			);
			path = ScientolipediaTests;
			sourceTree = "<group>";
		};
		04E3940E1AE9A89D00E4F342 /* Supporting Files */ = {
			isa = PBXGroup;
			children = (
				04E3940F1AE9A89D00E4F342 /* Info.plist */,
			);
			name = "Supporting Files";
			sourceTree = "<group>";
		};
/* End PBXGroup section */

/* Begin PBXNativeTarget section */
		04E393F11AE9A89D00E4F342 /* Scientolipedia */ = {
			isa = PBXNativeTarget;
			buildConfigurationList = 04E394141AE9A89D00E4F342 /* Build configuration list for PBXNativeTarget "Scientolipedia" */;
			buildPhases = (
				04E393EE1AE9A89D00E4F342 /* Sources */,
				04E393EF1AE9A89D00E4F342 /* Frameworks */,
				04E393F01AE9A89D00E4F342 /* Resources */,
			);
			buildRules = (
			);
			dependencies = (
			);
			name = Scientolipedia;
			productName = Scientolipedia;
			productReference = 04E393F21AE9A89D00E4F342 /* Scientolipedia.app */;
			productType = "com.apple.product-type.application";
		};
		04E394091AE9A89D00E4F342 /* ScientolipediaTests */ = {
			isa = PBXNativeTarget;
			buildConfigurationList = 04E394171AE9A89D00E4F342 /* Build configuration list for PBXNativeTarget "ScientolipediaTests" */;
			buildPhases = (
				04E394061AE9A89D00E4F342 /* Sources */,
				04E394071AE9A89D00E4F342 /* Frameworks */,
				04E394081AE9A89D00E4F342 /* Resources */,
			);
			buildRules = (
			);
			dependencies = (
				04E3940C1AE9A89D00E4F342 /* PBXTargetDependency */,
			);
			name = ScientolipediaTests;
			productName = ScientolipediaTests;
			productReference = 04E3940A1AE9A89D00E4F342 /* ScientolipediaTests.xctest */;
			productType = "com.apple.product-type.bundle.unit-test";
		};
/* End PBXNativeTarget section */

/* Begin PBXProject section */
		04E393EA1AE9A89D00E4F342 /* Project object */ = {
			isa = PBXProject;
			attributes = {
				LastUpgradeCheck = 0630;
				ORGANIZATIONNAME = "Melodity.com, LLC";
				TargetAttributes = {
					04E393F11AE9A89D00E4F342 = {
						CreatedOnToolsVersion = 6.3;
						DevelopmentTeam = 974SQCAZGA;
					};
					04E394091AE9A89D00E4F342 = {
						CreatedOnToolsVersion = 6.3;
						TestTargetID = 04E393F11AE9A89D00E4F342;
					};
				};
			};
			buildConfigurationList = 04E393ED1AE9A89D00E4F342 /* Build configuration list for PBXProject "Scientolipedia" */;
			compatibilityVersion = "Xcode 3.2";
			developmentRegion = English;
			hasScannedForEncodings = 0;
			knownRegions = (
				en,
				Base,
			);
			mainGroup = 04E393E91AE9A89D00E4F342;
			productRefGroup = 04E393F31AE9A89D00E4F342 /* Products */;
			projectDirPath = "";
			projectRoot = "";
			targets = (
				04E393F11AE9A89D00E4F342 /* Scientolipedia */,
				04E394091AE9A89D00E4F342 /* ScientolipediaTests */,
			);
		};
/* End PBXProject section */

/* Begin PBXResourcesBuildPhase section */
		04E393F01AE9A89D00E4F342 /* Resources */ = {
			isa = PBXResourcesBuildPhase;
			buildActionMask = 2147483647;
			files = (
				04E394001AE9A89D00E4F342 /* Main.storyboard in Resources */,
				04E394051AE9A89D00E4F342 /* LaunchScreen.xib in Resources */,
				04E394021AE9A89D00E4F342 /* Images.xcassets in Resources */,
			);
			runOnlyForDeploymentPostprocessing = 0;
		};
		04E394081AE9A89D00E4F342 /* Resources */ = {
			isa = PBXResourcesBuildPhase;
			buildActionMask = 2147483647;
			files = (
			);
			runOnlyForDeploymentPostprocessing = 0;
		};
/* End PBXResourcesBuildPhase section */

/* Begin PBXSourcesBuildPhase section */
		04E393EE1AE9A89D00E4F342 /* Sources */ = {
			isa = PBXSourcesBuildPhase;
			buildActionMask = 2147483647;
			files = (
				049EA9741B225A8B00BFF953 /* AnthologyViewController.swift in Sources */,
				049EA9721B22562200BFF953 /* AnthologyListTableViewCell.swift in Sources */,
				04E393FD1AE9A89D00E4F342 /* ViewController.swift in Sources */,
				049EA9701B224FEA00BFF953 /* AnthologyListViewController.swift in Sources */,
				0445A9131AEDB23B00D9D773 /* AuditorListViewCell.swift in Sources */,
				049C9B121B06E24F00D4035F /* PictureHandler.swift in Sources */,
				04C0B5F61B13E2D800EB6FA8 /* ProfileTableViewCell.swift in Sources */,
				047E293E1B0EB0F30066D9C2 /* WordTableViewCell.swift in Sources */,
				0445A9111AEDAFE500D9D773 /* AuditorListViewController.swift in Sources */,
				0445A90D1AEC7CE500D9D773 /* TableViewCell.swift in Sources */,
				0445A9151AEDD0F400D9D773 /* AuditorModel.swift in Sources */,
				04E393FB1AE9A89D00E4F342 /* Scientolipedia.xcdatamodeld in Sources */,
				04C0B5F41B12274700EB6FA8 /* BiographiesViewController.swift in Sources */,
				04A97D111B0AFE6F00BC0101 /* GlossaryStartViewController.swift in Sources */,
				04A97D0F1B0ACB6400BC0101 /* LegalViewController.swift in Sources */,
				04C0B5F81B18164D00EB6FA8 /* BiographyViewController.swift in Sources */,
				0411BDF61AFB3723001B8080 /* AuditorPageViewController.swift in Sources */,
				04E12A671B08714B00D2231C /* AboutViewController.swift in Sources */,
				04E393F81AE9A89D00E4F342 /* AppDelegate.swift in Sources */,
			);
			runOnlyForDeploymentPostprocessing = 0;
		};
		04E394061AE9A89D00E4F342 /* Sources */ = {
			isa = PBXSourcesBuildPhase;
			buildActionMask = 2147483647;
			files = (
				04E394111AE9A89D00E4F342 /* ScientolipediaTests.swift in Sources */,
			);
			runOnlyForDeploymentPostprocessing = 0;
		};
/* End PBXSourcesBuildPhase section */

/* Begin PBXTargetDependency section */
		04E3940C1AE9A89D00E4F342 /* PBXTargetDependency */ = {
			isa = PBXTargetDependency;
			target = 04E393F11AE9A89D00E4F342 /* Scientolipedia */;
			targetProxy = 04E3940B1AE9A89D00E4F342 /* PBXContainerItemProxy */;
		};
/* End PBXTargetDependency section */

/* Begin PBXVariantGroup section */
		04E393FE1AE9A89D00E4F342 /* Main.storyboard */ = {
			isa = PBXVariantGroup;
			children = (
				04E393FF1AE9A89D00E4F342 /* Base */,
			);
			name = Main.storyboard;
			sourceTree = "<group>";
		};
		04E394031AE9A89D00E4F342 /* LaunchScreen.xib */ = {
			isa = PBXVariantGroup;
			children = (
				04E394041AE9A89D00E4F342 /* Base */,
			);
			name = LaunchScreen.xib;
			sourceTree = "<group>";
		};
/* End PBXVariantGroup section */

/* Begin XCBuildConfiguration section */
		04E394121AE9A89D00E4F342 /* Debug */ = {
			isa = XCBuildConfiguration;
			buildSettings = {
				ALWAYS_SEARCH_USER_PATHS = NO;
				CLANG_CXX_LANGUAGE_STANDARD = "gnu++0x";
				CLANG_CXX_LIBRARY = "libc++";
				CLANG_ENABLE_MODULES = YES;
				CLANG_ENABLE_OBJC_ARC = YES;
				CLANG_WARN_BOOL_CONVERSION = YES;
				CLANG_WARN_CONSTANT_CONVERSION = YES;
				CLANG_WARN_DIRECT_OBJC_ISA_USAGE = YES_ERROR;
				CLANG_WARN_EMPTY_BODY = YES;
				CLANG_WARN_ENUM_CONVERSION = YES;
				CLANG_WARN_INT_CONVERSION = YES;
				CLANG_WARN_OBJC_ROOT_CLASS = YES_ERROR;
				CLANG_WARN_UNREACHABLE_CODE = YES;
				CLANG_WARN__DUPLICATE_METHOD_MATCH = YES;
				"CODE_SIGN_IDENTITY[sdk=iphoneos*]" = "iPhone Developer";
				COPY_PHASE_STRIP = NO;
				DEBUG_INFORMATION_FORMAT = "dwarf-with-dsym";
				ENABLE_STRICT_OBJC_MSGSEND = YES;
				GCC_C_LANGUAGE_STANDARD = gnu99;
				GCC_DYNAMIC_NO_PIC = NO;
				GCC_NO_COMMON_BLOCKS = YES;
				GCC_OPTIMIZATION_LEVEL = 0;
				GCC_PREPROCESSOR_DEFINITIONS = (
					"DEBUG=1",
					"$(inherited)",
				);
				GCC_SYMBOLS_PRIVATE_EXTERN = NO;
				GCC_WARN_64_TO_32_BIT_CONVERSION = YES;
				GCC_WARN_ABOUT_RETURN_TYPE = YES_ERROR;
				GCC_WARN_UNDECLARED_SELECTOR = YES;
				GCC_WARN_UNINITIALIZED_AUTOS = YES_AGGRESSIVE;
				GCC_WARN_UNUSED_FUNCTION = YES;
				GCC_WARN_UNUSED_VARIABLE = YES;
				IPHONEOS_DEPLOYMENT_TARGET = 7.1;
				MTL_ENABLE_DEBUG_INFO = YES;
				ONLY_ACTIVE_ARCH = YES;
				SDKROOT = iphoneos;
				SWIFT_OPTIMIZATION_LEVEL = "-Onone";
				TARGETED_DEVICE_FAMILY = "1,2";
			};
			name = Debug;
		};
		04E394131AE9A89D00E4F342 /* Release */ = {
			isa = XCBuildConfiguration;
			buildSettings = {
				ALWAYS_SEARCH_USER_PATHS = NO;
				CLANG_CXX_LANGUAGE_STANDARD = "gnu++0x";
				CLANG_CXX_LIBRARY = "libc++";
				CLANG_ENABLE_MODULES = YES;
				CLANG_ENABLE_OBJC_ARC = YES;
				CLANG_WARN_BOOL_CONVERSION = YES;
				CLANG_WARN_CONSTANT_CONVERSION = YES;
				CLANG_WARN_DIRECT_OBJC_ISA_USAGE = YES_ERROR;
				CLANG_WARN_EMPTY_BODY = YES;
				CLANG_WARN_ENUM_CONVERSION = YES;
				CLANG_WARN_INT_CONVERSION = YES;
				CLANG_WARN_OBJC_ROOT_CLASS = YES_ERROR;
				CLANG_WARN_UNREACHABLE_CODE = YES;
				CLANG_WARN__DUPLICATE_METHOD_MATCH = YES;
				"CODE_SIGN_IDENTITY[sdk=iphoneos*]" = "iPhone Developer";
				COPY_PHASE_STRIP = NO;
				DEBUG_INFORMATION_FORMAT = "dwarf-with-dsym";
				ENABLE_NS_ASSERTIONS = NO;
				ENABLE_STRICT_OBJC_MSGSEND = YES;
				GCC_C_LANGUAGE_STANDARD = gnu99;
				GCC_NO_COMMON_BLOCKS = YES;
				GCC_WARN_64_TO_32_BIT_CONVERSION = YES;
				GCC_WARN_ABOUT_RETURN_TYPE = YES_ERROR;
				GCC_WARN_UNDECLARED_SELECTOR = YES;
				GCC_WARN_UNINITIALIZED_AUTOS = YES_AGGRESSIVE;
				GCC_WARN_UNUSED_FUNCTION = YES;
				GCC_WARN_UNUSED_VARIABLE = YES;
				IPHONEOS_DEPLOYMENT_TARGET = 7.1;
				MTL_ENABLE_DEBUG_INFO = NO;
				SDKROOT = iphoneos;
				TARGETED_DEVICE_FAMILY = "1,2";
				VALIDATE_PRODUCT = YES;
			};
			name = Release;
		};
		04E394151AE9A89D00E4F342 /* Debug */ = {
			isa = XCBuildConfiguration;
			buildSettings = {
				ASSETCATALOG_COMPILER_APPICON_NAME = AppIcon;
				CLANG_ENABLE_MODULES = YES;
				CODE_SIGN_IDENTITY = "iPhone Developer";
				"CODE_SIGN_IDENTITY[sdk=iphoneos*]" = "iPhone Developer";
				INFOPLIST_FILE = Scientolipedia/Info.plist;
				IPHONEOS_DEPLOYMENT_TARGET = 8.3;
				LD_RUNPATH_SEARCH_PATHS = "$(inherited) @executable_path/Frameworks";
				PRODUCT_NAME = "$(TARGET_NAME)";
				PROVISIONING_PROFILE = "a687d3f2-e94f-4d9f-91e2-8935be52a5e2";
				SWIFT_INSTALL_OBJC_HEADER = NO;
				SWIFT_OBJC_BRIDGING_HEADER = "";
				SWIFT_OPTIMIZATION_LEVEL = "-Onone";
			};
			name = Debug;
		};
		04E394161AE9A89D00E4F342 /* Release */ = {
			isa = XCBuildConfiguration;
			buildSettings = {
				ASSETCATALOG_COMPILER_APPICON_NAME = AppIcon;
				CLANG_ENABLE_MODULES = YES;
				CODE_SIGN_IDENTITY = "iPhone Developer";
				"CODE_SIGN_IDENTITY[sdk=iphoneos*]" = "iPhone Developer";
				INFOPLIST_FILE = Scientolipedia/Info.plist;
				IPHONEOS_DEPLOYMENT_TARGET = 8.3;
				LD_RUNPATH_SEARCH_PATHS = "$(inherited) @executable_path/Frameworks";
				PRODUCT_NAME = "$(TARGET_NAME)";
				PROVISIONING_PROFILE = "a687d3f2-e94f-4d9f-91e2-8935be52a5e2";
				SWIFT_INSTALL_OBJC_HEADER = NO;
				SWIFT_OBJC_BRIDGING_HEADER = "";
			};
			name = Release;
		};
		04E394181AE9A89D00E4F342 /* Debug */ = {
			isa = XCBuildConfiguration;
			buildSettings = {
				BUNDLE_LOADER = "$(TEST_HOST)";
				FRAMEWORK_SEARCH_PATHS = (
					"$(SDKROOT)/Developer/Library/Frameworks",
					"$(inherited)",
				);
				GCC_PREPROCESSOR_DEFINITIONS = (
					"DEBUG=1",
					"$(inherited)",
				);
				INFOPLIST_FILE = ScientolipediaTests/Info.plist;
				LD_RUNPATH_SEARCH_PATHS = "$(inherited) @executable_path/Frameworks @loader_path/Frameworks";
				PRODUCT_NAME = "$(TARGET_NAME)";
				TEST_HOST = "$(BUILT_PRODUCTS_DIR)/Scientolipedia.app/Scientolipedia";
			};
			name = Debug;
		};
		04E394191AE9A89D00E4F342 /* Release */ = {
			isa = XCBuildConfiguration;
			buildSettings = {
				BUNDLE_LOADER = "$(TEST_HOST)";
				FRAMEWORK_SEARCH_PATHS = (
					"$(SDKROOT)/Developer/Library/Frameworks",
					"$(inherited)",
				);
				INFOPLIST_FILE = ScientolipediaTests/Info.plist;
				LD_RUNPATH_SEARCH_PATHS = "$(inherited) @executable_path/Frameworks @loader_path/Frameworks";
				PRODUCT_NAME = "$(TARGET_NAME)";
				TEST_HOST = "$(BUILT_PRODUCTS_DIR)/Scientolipedia.app/Scientolipedia";
			};
			name = Release;
		};
/* End XCBuildConfiguration section */

/* Begin XCConfigurationList section */
		04E393ED1AE9A89D00E4F342 /* Build configuration list for PBXProject "Scientolipedia" */ = {
			isa = XCConfigurationList;
			buildConfigurations = (
				04E394121AE9A89D00E4F342 /* Debug */,
				04E394131AE9A89D00E4F342 /* Release */,
			);
			defaultConfigurationIsVisible = 0;
			defaultConfigurationName = Release;
		};
		04E394141AE9A89D00E4F342 /* Build configuration list for PBXNativeTarget "Scientolipedia" */ = {
			isa = XCConfigurationList;
			buildConfigurations = (
				04E394151AE9A89D00E4F342 /* Debug */,
				04E394161AE9A89D00E4F342 /* Release */,
			);
			defaultConfigurationIsVisible = 0;
			defaultConfigurationName = Release;
		};
		04E394171AE9A89D00E4F342 /* Build configuration list for PBXNativeTarget "ScientolipediaTests" */ = {
			isa = XCConfigurationList;
			buildConfigurations = (
				04E394181AE9A89D00E4F342 /* Debug */,
				04E394191AE9A89D00E4F342 /* Release */,
			);
			defaultConfigurationIsVisible = 0;
			defaultConfigurationName = Release;
		};
/* End XCConfigurationList section */

/* Begin XCVersionGroup section */
		04E393F91AE9A89D00E4F342 /* Scientolipedia.xcdatamodeld */ = {
			isa = XCVersionGroup;
			children = (
				04E393FA1AE9A89D00E4F342 /* Scientolipedia.xcdatamodel */,
			);
			currentVersion = 04E393FA1AE9A89D00E4F342 /* Scientolipedia.xcdatamodel */;
			path = Scientolipedia.xcdatamodeld;
			sourceTree = "<group>";
			versionGroupType = wrapper.xcdatamodel;
		};
/* End XCVersionGroup section */
	};
	rootObject = 04E393EA1AE9A89D00E4F342 /* Project object */;
}
